
Microsoft Visual Studio Solution File, Format Version 12.00
# Visual Studio 2010
Project("{FAE04EC0-301F-11D3-BF4B-00C04F79EFBC}") = "EasyWP7Updater", "EasyWP7Updater\EasyWP7Updater.csproj", "{39BB8BD4-C4EB-4209-A2B1-4E5CE2D576FC}"
EndProject
Project("{FAE04EC0-301F-11D3-BF4B-00C04F79EFBC}") = "XMLEdit", "XMLEdit\XMLEdit.csproj", "{3947864A-D243-42BE-B3A3-383553E410B5}"
EndProject
Project("{FAE04EC0-301F-11D3-BF4B-00C04F79EFBC}") = "EasyWP7UpdaterPhoneCompanion", "EasyWP7UpdaterPhoneCompanion\EasyWP7UpdaterPhoneCompanion.csproj", "{1391BA4D-0ECB-4CD4-8819-5B9A8C17324B}"
EndProject
Project("{FAE04EC0-301F-11D3-BF4B-00C04F79EFBC}") = "EasyWP7UpdaterLauncher", "EasyWP7UpdaterLauncher\EasyWP7UpdaterLauncher.csproj", "{FDCBBECA-6068-435A-9435-5E60E160A489}"
	ProjectSection(ProjectDependencies) = postProject
		{39BB8BD4-C4EB-4209-A2B1-4E5CE2D576FC} = {39BB8BD4-C4EB-4209-A2B1-4E5CE2D576FC}
	EndProjectSection
EndProject
Global
	GlobalSection(SolutionConfigurationPlatforms) = preSolution
		Debug|x64 = Debug|x64
		Debug|x86 = Debug|x86
		Release|x64 = Release|x64
		Release|x86 = Release|x86
	EndGlobalSection
	GlobalSection(ProjectConfigurationPlatforms) = postSolution
		{39BB8BD4-C4EB-4209-A2B1-4E5CE2D576FC}.Debug|x64.ActiveCfg = Debug|x64
		{39BB8BD4-C4EB-4209-A2B1-4E5CE2D576FC}.Debug|x64.Build.0 = Debug|x64
		{39BB8BD4-C4EB-4209-A2B1-4E5CE2D576FC}.Debug|x86.ActiveCfg = Debug|x86
		{39BB8BD4-C4EB-4209-A2B1-4E5CE2D576FC}.Debug|x86.Build.0 = Debug|x86
		{39BB8BD4-C4EB-4209-A2B1-4E5CE2D576FC}.Release|x64.ActiveCfg = Release|x64
		{39BB8BD4-C4EB-4209-A2B1-4E5CE2D576FC}.Release|x64.Build.0 = Release|x64
		{39BB8BD4-C4EB-4209-A2B1-4E5CE2D576FC}.Release|x86.ActiveCfg = Release|x86
		{39BB8BD4-C4EB-4209-A2B1-4E5CE2D576FC}.Release|x86.Build.0 = Release|x86
		{3947864A-D243-42BE-B3A3-383553E410B5}.Debug|x64.ActiveCfg = Debug|Any CPU
		{3947864A-D243-42BE-B3A3-383553E410B5}.Debug|x64.Build.0 = Debug|Any CPU
		{3947864A-D243-42BE-B3A3-383553E410B5}.Debug|x86.ActiveCfg = Debug|Any CPU
		{3947864A-D243-42BE-B3A3-383553E410B5}.Debug|x86.Build.0 = Debug|Any CPU
		{3947864A-D243-42BE-B3A3-383553E410B5}.Release|x64.ActiveCfg = Release|Any CPU
		{3947864A-D243-42BE-B3A3-383553E410B5}.Release|x64.Build.0 = Release|Any CPU
		{3947864A-D243-42BE-B3A3-383553E410B5}.Release|x86.ActiveCfg = Release|Any CPU
		{3947864A-D243-42BE-B3A3-383553E410B5}.Release|x86.Build.0 = Release|Any CPU
		{1391BA4D-0ECB-4CD4-8819-5B9A8C17324B}.Debug|x64.ActiveCfg = Debug|Any CPU
		{1391BA4D-0ECB-4CD4-8819-5B9A8C17324B}.Debug|x64.Build.0 = Debug|Any CPU
		{1391BA4D-0ECB-4CD4-8819-5B9A8C17324B}.Debug|x86.ActiveCfg = Debug|Any CPU
		{1391BA4D-0ECB-4CD4-8819-5B9A8C17324B}.Debug|x86.Build.0 = Debug|Any CPU
		{1391BA4D-0ECB-4CD4-8819-5B9A8C17324B}.Release|x64.ActiveCfg = Release|Any CPU
		{1391BA4D-0ECB-4CD4-8819-5B9A8C17324B}.Release|x64.Build.0 = Release|Any CPU
		{1391BA4D-0ECB-4CD4-8819-5B9A8C17324B}.Release|x86.ActiveCfg = Release|Any CPU
		{1391BA4D-0ECB-4CD4-8819-5B9A8C17324B}.Release|x86.Build.0 = Release|Any CPU
		{FDCBBECA-6068-435A-9435-5E60E160A489}.Debug|x64.ActiveCfg = Debug|Any CPU
		{FDCBBECA-6068-435A-9435-5E60E160A489}.Debug|x64.Build.0 = Debug|Any CPU
		{FDCBBECA-6068-435A-9435-5E60E160A489}.Debug|x86.ActiveCfg = Debug|Any CPU
		{FDCBBECA-6068-435A-9435-5E60E160A489}.Debug|x86.Build.0 = Debug|Any CPU
		{FDCBBECA-6068-435A-9435-5E60E160A489}.Release|x64.ActiveCfg = Release|Any CPU
		{FDCBBECA-6068-435A-9435-5E60E160A489}.Release|x64.Build.0 = Release|Any CPU
		{FDCBBECA-6068-435A-9435-5E60E160A489}.Release|x86.ActiveCfg = Release|Any CPU
		{FDCBBECA-6068-435A-9435-5E60E160A489}.Release|x86.Build.0 = Release|Any CPU
	EndGlobalSection
	GlobalSection(SolutionProperties) = preSolution
		HideSolutionNode = FALSE
	EndGlobalSection
EndGlobal
